
Microsoft Visual Studio Solution File, Format Version 12.00
# Visual Studio 15
VisualStudioVersion = 15.0.27130.2036
MinimumVisualStudioVersion = 10.0.40219.1
Project("{FAE04EC0-301F-11D3-BF4B-00C04F79EFBC}") = "PaymentProviders-Web-API", "PaymentProviders-Web-API\PaymentProviders-Web-API.csproj", "{AD015AA3-6912-48E3-9E98-51252667AB38}"
EndProject
Global
	GlobalSection(SolutionConfigurationPlatforms) = preSolution
		Debug|Any CPU = Debug|Any CPU
		Release|Any CPU = Release|Any CPU
	EndGlobalSection
	GlobalSection(ProjectConfigurationPlatforms) = postSolution
		{AD015AA3-6912-48E3-9E98-51252667AB38}.Debug|Any CPU.ActiveCfg = Debug|Any CPU
		{AD015AA3-6912-48E3-9E98-51252667AB38}.Debug|Any CPU.Build.0 = Debug|Any CPU
		{AD015AA3-6912-48E3-9E98-51252667AB38}.Release|Any CPU.ActiveCfg = Release|Any CPU
		{AD015AA3-6912-48E3-9E98-51252667AB38}.Release|Any CPU.Build.0 = Release|Any CPU
	EndGlobalSection
	GlobalSection(SolutionProperties) = preSolution
		HideSolutionNode = FALSE
	EndGlobalSection
	GlobalSection(ExtensibilityGlobals) = postSolution
		SolutionGuid = {EF6B8AC1-3E0E-448C-A45C-D25E4377C1E9}
	EndGlobalSection
EndGlobal
